
Microsoft Visual Studio Solution File, Format Version 12.00
# Visual Studio Version 18
VisualStudioVersion = 18.2.11408.102
MinimumVisualStudioVersion = 10.0.40219.1
Project("{54A90642-561A-4BB1-A94E-469ADEE60C69}") = "web_shop", "web_shop\web_shop.esproj", "{85B24514-9EBB-382B-3221-AF241A5DAD64}"
EndProject
Project("{FAE04EC0-301F-11D3-BF4B-00C04F79EFBC}") = "LaptopServer", "laptop_server\LaptopServer.csproj", "{F818E488-13DD-4A64-BBFF-8E68DBC88D42}"
EndProject
Global
	GlobalSection(SolutionConfigurationPlatforms) = preSolution
		Debug|Any CPU = Debug|Any CPU
		Release|Any CPU = Release|Any CPU
	EndGlobalSection
	GlobalSection(ProjectConfigurationPlatforms) = postSolution
		{85B24514-9EBB-382B-3221-AF241A5DAD64}.Debug|Any CPU.ActiveCfg = Debug|Any CPU
		{85B24514-9EBB-382B-3221-AF241A5DAD64}.Debug|Any CPU.Build.0 = Debug|Any CPU
		{85B24514-9EBB-382B-3221-AF241A5DAD64}.Debug|Any CPU.Deploy.0 = Debug|Any CPU
		{85B24514-9EBB-382B-3221-AF241A5DAD64}.Release|Any CPU.ActiveCfg = Release|Any CPU
		{85B24514-9EBB-382B-3221-AF241A5DAD64}.Release|Any CPU.Build.0 = Release|Any CPU
		{85B24514-9EBB-382B-3221-AF241A5DAD64}.Release|Any CPU.Deploy.0 = Release|Any CPU
		{F818E488-13DD-4A64-BBFF-8E68DBC88D42}.Debug|Any CPU.ActiveCfg = Debug|Any CPU
		{F818E488-13DD-4A64-BBFF-8E68DBC88D42}.Debug|Any CPU.Build.0 = Debug|Any CPU
		{F818E488-13DD-4A64-BBFF-8E68DBC88D42}.Release|Any CPU.ActiveCfg = Release|Any CPU
		{F818E488-13DD-4A64-BBFF-8E68DBC88D42}.Release|Any CPU.Build.0 = Release|Any CPU
	EndGlobalSection
	GlobalSection(SolutionProperties) = preSolution
		HideSolutionNode = FALSE
	EndGlobalSection
	GlobalSection(ExtensibilityGlobals) = postSolution
		SolutionGuid = {798A0D43-D4ED-4D90-BDDF-07A9B94F52E4}
	EndGlobalSection
EndGlobal
